
Microsoft Visual Studio Solution File, Format Version 12.00
# Visual Studio Version 17
VisualStudioVersion = 17.10.35013.160
MinimumVisualStudioVersion = 10.0.40219.1
Project("{FAE04EC0-301F-11D3-BF4B-00C04F79EFBC}") = "PhotoGallery", "PhotoGallery.csproj", "{9C2721F3-0F0E-4E98-BC27-08CB564179EF}"
EndProject
Global
	GlobalSection(SolutionConfigurationPlatforms) = preSolution
		Debug|Any CPU = Debug|Any CPU
		Release|Any CPU = Release|Any CPU
	EndGlobalSection
	GlobalSection(ProjectConfigurationPlatforms) = postSolution
		{9C2721F3-0F0E-4E98-BC27-08CB564179EF}.Debug|Any CPU.ActiveCfg = Debug|Any CPU
		{9C2721F3-0F0E-4E98-BC27-08CB564179EF}.Debug|Any CPU.Build.0 = Debug|Any CPU
		{9C2721F3-0F0E-4E98-BC27-08CB564179EF}.Release|Any CPU.ActiveCfg = Release|Any CPU
		{9C2721F3-0F0E-4E98-BC27-08CB564179EF}.Release|Any CPU.Build.0 = Release|Any CPU
	EndGlobalSection
	GlobalSection(SolutionProperties) = preSolution
		HideSolutionNode = FALSE
	EndGlobalSection
	GlobalSection(ExtensibilityGlobals) = postSolution
		SolutionGuid = {8A5B73C2-B71F-4447-99CC-7F16A18EA20A}
	EndGlobalSection
EndGlobal
